
Microsoft Visual Studio Solution File, Format Version 12.00
# Visual Studio Version 17
VisualStudioVersion = 17.2.32519.379
MinimumVisualStudioVersion = 10.0.40219.1
Project("{FAE04EC0-301F-11D3-BF4B-00C04F79EFBC}") = "Chance V4", "Chance V4\Chance V4.csproj", "{D4F46305-106C-4C8D-8FF1-BE0C830F7263}"
EndProject
Global
	GlobalSection(SolutionConfigurationPlatforms) = preSolution
		Debug|Any CPU = Debug|Any CPU
		Release|Any CPU = Release|Any CPU
	EndGlobalSection
	GlobalSection(ProjectConfigurationPlatforms) = postSolution
		{D4F46305-106C-4C8D-8FF1-BE0C830F7263}.Debug|Any CPU.ActiveCfg = Debug|Any CPU
		{D4F46305-106C-4C8D-8FF1-BE0C830F7263}.Debug|Any CPU.Build.0 = Debug|Any CPU
		{D4F46305-106C-4C8D-8FF1-BE0C830F7263}.Release|Any CPU.ActiveCfg = Release|Any CPU
		{D4F46305-106C-4C8D-8FF1-BE0C830F7263}.Release|Any CPU.Build.0 = Release|Any CPU
	EndGlobalSection
	GlobalSection(SolutionProperties) = preSolution
		HideSolutionNode = FALSE
	EndGlobalSection
	GlobalSection(ExtensibilityGlobals) = postSolution
		SolutionGuid = {CBC6E907-6DA8-4D70-8488-28991901F075}
	EndGlobalSection
EndGlobal
